// !$*UTF8*$!
{
	archiveVersion = 1;
	classes = {
	};
	objectVersion = 46;
	objects = {

/* Begin PBXBuildFile section */
		9D60B5471642D1FD0074081D /* RenderObject.cpp in Sources */ = {isa = PBXBuildFile; fileRef = 9D60B5451642D1FD0074081D /* RenderObject.cpp */; };
		9D60B54B1642D6A20074081D /* Material.cpp in Sources */ = {isa = PBXBuildFile; fileRef = 9D60B5491642D6A20074081D /* Material.cpp */; };
		9D60B5701645346E0074081D /* LevelObject.cpp in Sources */ = {isa = PBXBuildFile; fileRef = 9D60B56E1645346B0074081D /* LevelObject.cpp */; };
		9D60B573164536050074081D /* StaticObjectBehaviorModel.cpp in Sources */ = {isa = PBXBuildFile; fileRef = 9D60B571164536050074081D /* StaticObjectBehaviorModel.cpp */; };
		9D60B5791645367A0074081D /* EngineMesh.cpp in Sources */ = {isa = PBXBuildFile; fileRef = 9D60B5771645367A0074081D /* EngineMesh.cpp */; };
		9D60B57F16453DC10074081D /* TextureMaterial.cpp in Sources */ = {isa = PBXBuildFile; fileRef = 9D60B57D16453DC10074081D /* TextureMaterial.cpp */; };
		9D60B58516453FB20074081D /* Texture.cpp in Sources */ = {isa = PBXBuildFile; fileRef = 9D60B58316453FB20074081D /* Texture.cpp */; };
		9D60B589164540750074081D /* Shader.cpp in Sources */ = {isa = PBXBuildFile; fileRef = 9D60B587164540750074081D /* Shader.cpp */; };
		9D60B5921645473B0074081D /* FileManger.cpp in Sources */ = {isa = PBXBuildFile; fileRef = 9D60B5901645473B0074081D /* FileManger.cpp */; };
		9D60B5951645488C0074081D /* ios_fileManager.mm in Sources */ = {isa = PBXBuildFile; fileRef = 9D60B5931645488B0074081D /* ios_fileManager.mm */; };
		9D6A84371641D1C300E322C3 /* EditorData.cpp in Sources */ = {isa = PBXBuildFile; fileRef = 9D6A84351641D1C300E322C3 /* EditorData.cpp */; };
		9D6A843B1641D46A00E322C3 /* IdGenerator.cpp in Sources */ = {isa = PBXBuildFile; fileRef = 9D6A84391641D46A00E322C3 /* IdGenerator.cpp */; };
		9D6A843F1641D83B00E322C3 /* ObjectBehaviourModel.cpp in Sources */ = {isa = PBXBuildFile; fileRef = 9D6A843D1641D83B00E322C3 /* ObjectBehaviourModel.cpp */; };
		9D6A84431641DB0F00E322C3 /* RenderMatrixController.cpp in Sources */ = {isa = PBXBuildFile; fileRef = 9D6A84411641DB0F00E322C3 /* RenderMatrixController.cpp */; };
		9D83B95A162E225700B216AD /* TEEngine.cpp in Sources */ = {isa = PBXBuildFile; fileRef = 9D83B958162E225700B216AD /* TEEngine.cpp */; };
		9D9042E5162D9F1A003BB5FF /* UIKit.framework in Frameworks */ = {isa = PBXBuildFile; fileRef = 9D9042E4162D9F1A003BB5FF /* UIKit.framework */; };
		9D9042E7162D9F1A003BB5FF /* Foundation.framework in Frameworks */ = {isa = PBXBuildFile; fileRef = 9D9042E6162D9F1A003BB5FF /* Foundation.framework */; };
		9D9042E9162D9F1A003BB5FF /* CoreGraphics.framework in Frameworks */ = {isa = PBXBuildFile; fileRef = 9D9042E8162D9F1A003BB5FF /* CoreGraphics.framework */; };
		9D9042EF162D9F1A003BB5FF /* InfoPlist.strings in Resources */ = {isa = PBXBuildFile; fileRef = 9D9042ED162D9F1A003BB5FF /* InfoPlist.strings */; };
		9D9042F5162D9F1A003BB5FF /* AppDelegate.mm in Sources */ = {isa = PBXBuildFile; fileRef = 9D9042F4162D9F1A003BB5FF /* AppDelegate.mm */; };
		9D9042F7162D9F1A003BB5FF /* Default.png in Resources */ = {isa = PBXBuildFile; fileRef = 9D9042F6162D9F1A003BB5FF /* Default.png */; };
		9D9042F9162D9F1A003BB5FF /* Default@2x.png in Resources */ = {isa = PBXBuildFile; fileRef = 9D9042F8162D9F1A003BB5FF /* Default@2x.png */; };
		9D9042FB162D9F1A003BB5FF /* Default-568h@2x.png in Resources */ = {isa = PBXBuildFile; fileRef = 9D9042FA162D9F1A003BB5FF /* Default-568h@2x.png */; };
		9D904313162DA7ED003BB5FF /* OpenGLES.framework in Frameworks */ = {isa = PBXBuildFile; fileRef = 9D904312162DA7ED003BB5FF /* OpenGLES.framework */; };
		9D904318162DB254003BB5FF /* UContainer.cpp in Sources */ = {isa = PBXBuildFile; fileRef = 9D904316162DB254003BB5FF /* UContainer.cpp */; };
		9DD218A916403E3800E2CFA2 /* Camera.cpp in Sources */ = {isa = PBXBuildFile; fileRef = 9DD218A716403E3800E2CFA2 /* Camera.cpp */; };
		9DD218B816417F3300E2CFA2 /* PivotObject.cpp in Sources */ = {isa = PBXBuildFile; fileRef = 9DD218B616417F3300E2CFA2 /* PivotObject.cpp */; };
		9DE33AB9162F4CC30027565E /* RenderSystem.cpp in Sources */ = {isa = PBXBuildFile; fileRef = 9DE33AB7162F4CC30027565E /* RenderSystem.cpp */; };
		9DE33ABE162F51830027565E /* Display.cpp in Sources */ = {isa = PBXBuildFile; fileRef = 9DE33ABC162F51830027565E /* Display.cpp */; };
		9DE33AC1162F55350027565E /* ios_display.mm in Sources */ = {isa = PBXBuildFile; fileRef = 9DE33ABF162F55340027565E /* ios_display.mm */; };
		9DE33AC4162F5A7E0027565E /* ViewController.m in Sources */ = {isa = PBXBuildFile; fileRef = 9DE33AC3162F5A7D0027565E /* ViewController.m */; };
		9DE33AC7162F5AD40027565E /* GLSurface.m in Sources */ = {isa = PBXBuildFile; fileRef = 9DE33AC6162F5AD40027565E /* GLSurface.m */; };
		9DE33AC9162F5B5A0027565E /* QuartzCore.framework in Frameworks */ = {isa = PBXBuildFile; fileRef = 9DE33AC8162F5B5A0027565E /* QuartzCore.framework */; };
		9DE6A9FC16458EE700AF9280 /* UnAnimRenderObject.cpp in Sources */ = {isa = PBXBuildFile; fileRef = 9DE6A9FA16458EE700AF9280 /* UnAnimRenderObject.cpp */; };
/* End PBXBuildFile section */

/* Begin PBXFileReference section */
		9D2C461E1632140F000EC193 /* GlobalConstants.h */ = {isa = PBXFileReference; lastKnownFileType = sourcecode.c.h; name = GlobalConstants.h; path = Sources/Utils/GlobalConstants.h; sourceTree = "<group>"; };
		9D60B5451642D1FD0074081D /* RenderObject.cpp */ = {isa = PBXFileReference; fileEncoding = 4; lastKnownFileType = sourcecode.cpp.cpp; name = RenderObject.cpp; path = Sources/Engine/Objects/RenderObject.cpp; sourceTree = "<group>"; };
		9D60B5461642D1FD0074081D /* RenderObject.h */ = {isa = PBXFileReference; fileEncoding = 4; lastKnownFileType = sourcecode.c.h; name = RenderObject.h; path = Sources/Engine/Objects/RenderObject.h; sourceTree = "<group>"; };
		9D60B5491642D6A20074081D /* Material.cpp */ = {isa = PBXFileReference; fileEncoding = 4; lastKnownFileType = sourcecode.cpp.cpp; name = Material.cpp; path = Sources/Engine/Materials/Material.cpp; sourceTree = "<group>"; };
		9D60B54A1642D6A20074081D /* Material.h */ = {isa = PBXFileReference; fileEncoding = 4; lastKnownFileType = sourcecode.c.h; name = Material.h; path = Sources/Engine/Materials/Material.h; sourceTree = "<group>"; };
		9D60B56E1645346B0074081D /* LevelObject.cpp */ = {isa = PBXFileReference; fileEncoding = 4; lastKnownFileType = sourcecode.cpp.cpp; name = LevelObject.cpp; path = Sources/Engine/Objects/LevelObject.cpp; sourceTree = "<group>"; };
		9D60B56F1645346C0074081D /* LevelObject.h */ = {isa = PBXFileReference; fileEncoding = 4; lastKnownFileType = sourcecode.c.h; name = LevelObject.h; path = Sources/Engine/Objects/LevelObject.h; sourceTree = "<group>"; };
		9D60B571164536050074081D /* StaticObjectBehaviorModel.cpp */ = {isa = PBXFileReference; fileEncoding = 4; lastKnownFileType = sourcecode.cpp.cpp; name = StaticObjectBehaviorModel.cpp; path = Sources/Engine/Objects/ObjectBehaviourModel/StaticObjectBehaviorModel.cpp; sourceTree = "<group>"; };
		9D60B572164536050074081D /* StaticObjectBehaviorModel.h */ = {isa = PBXFileReference; fileEncoding = 4; lastKnownFileType = sourcecode.c.h; name = StaticObjectBehaviorModel.h; path = Sources/Engine/Objects/ObjectBehaviourModel/StaticObjectBehaviorModel.h; sourceTree = "<group>"; };
		9D60B5771645367A0074081D /* EngineMesh.cpp */ = {isa = PBXFileReference; fileEncoding = 4; lastKnownFileType = sourcecode.cpp.cpp; name = EngineMesh.cpp; path = Sources/Engine/COntent/Meshes/EngineMesh.cpp; sourceTree = "<group>"; };
		9D60B5781645367A0074081D /* EngineMesh.h */ = {isa = PBXFileReference; fileEncoding = 4; lastKnownFileType = sourcecode.c.h; name = EngineMesh.h; path = Sources/Engine/COntent/Meshes/EngineMesh.h; sourceTree = "<group>"; };
		9D60B57D16453DC10074081D /* TextureMaterial.cpp */ = {isa = PBXFileReference; fileEncoding = 4; lastKnownFileType = sourcecode.cpp.cpp; name = TextureMaterial.cpp; path = Sources/Engine/Materials/TextureMaterial.cpp; sourceTree = "<group>"; };
		9D60B57E16453DC10074081D /* TextureMaterial.h */ = {isa = PBXFileReference; fileEncoding = 4; lastKnownFileType = sourcecode.c.h; name = TextureMaterial.h; path = Sources/Engine/Materials/TextureMaterial.h; sourceTree = "<group>"; };
		9D60B58316453FB20074081D /* Texture.cpp */ = {isa = PBXFileReference; fileEncoding = 4; lastKnownFileType = sourcecode.cpp.cpp; name = Texture.cpp; path = Sources/Engine/COntent/Texture.cpp; sourceTree = "<group>"; };
		9D60B58416453FB20074081D /* Texture.h */ = {isa = PBXFileReference; fileEncoding = 4; lastKnownFileType = sourcecode.c.h; name = Texture.h; path = Sources/Engine/COntent/Texture.h; sourceTree = "<group>"; };
		9D60B587164540750074081D /* Shader.cpp */ = {isa = PBXFileReference; fileEncoding = 4; lastKnownFileType = sourcecode.cpp.cpp; name = Shader.cpp; path = Sources/Renderer/Shaders/Shader.cpp; sourceTree = "<group>"; };
		9D60B588164540750074081D /* Shader.h */ = {isa = PBXFileReference; fileEncoding = 4; lastKnownFileType = sourcecode.c.h; name = Shader.h; path = Sources/Renderer/Shaders/Shader.h; sourceTree = "<group>"; };
		9D60B5901645473B0074081D /* FileManger.cpp */ = {isa = PBXFileReference; fileEncoding = 4; lastKnownFileType = sourcecode.cpp.cpp; name = FileManger.cpp; path = Sources/Sys/FileManger.cpp; sourceTree = "<group>"; };
		9D60B5911645473B0074081D /* FileManger.h */ = {isa = PBXFileReference; fileEncoding = 4; lastKnownFileType = sourcecode.c.h; name = FileManger.h; path = Sources/Sys/FileManger.h; sourceTree = "<group>"; };
		9D60B5931645488B0074081D /* ios_fileManager.mm */ = {isa = PBXFileReference; fileEncoding = 4; lastKnownFileType = sourcecode.cpp.objcpp; name = ios_fileManager.mm; path = os/ios/ios_fileManager.mm; sourceTree = "<group>"; };
		9D60B5941645488B0074081D /* ios_fileManager.h */ = {isa = PBXFileReference; fileEncoding = 4; lastKnownFileType = sourcecode.c.h; name = ios_fileManager.h; path = os/ios/ios_fileManager.h; sourceTree = "<group>"; };
		9D6A84351641D1C300E322C3 /* EditorData.cpp */ = {isa = PBXFileReference; fileEncoding = 4; lastKnownFileType = sourcecode.cpp.cpp; name = EditorData.cpp; path = Sources/Engine/Objects/EditorData.cpp; sourceTree = "<group>"; };
		9D6A84361641D1C300E322C3 /* EditorData.h */ = {isa = PBXFileReference; fileEncoding = 4; lastKnownFileType = sourcecode.c.h; name = EditorData.h; path = Sources/Engine/Objects/EditorData.h; sourceTree = "<group>"; };
		9D6A84391641D46A00E322C3 /* IdGenerator.cpp */ = {isa = PBXFileReference; fileEncoding = 4; lastKnownFileType = sourcecode.cpp.cpp; name = IdGenerator.cpp; path = Sources/Utils/IdGenerator.cpp; sourceTree = "<group>"; };
		9D6A843A1641D46A00E322C3 /* IdGenerator.h */ = {isa = PBXFileReference; fileEncoding = 4; lastKnownFileType = sourcecode.c.h; name = IdGenerator.h; path = Sources/Utils/IdGenerator.h; sourceTree = "<group>"; };
		9D6A843D1641D83B00E322C3 /* ObjectBehaviourModel.cpp */ = {isa = PBXFileReference; fileEncoding = 4; lastKnownFileType = sourcecode.cpp.cpp; name = ObjectBehaviourModel.cpp; path = Sources/Engine/Objects/ObjectBehaviourModel/ObjectBehaviourModel.cpp; sourceTree = "<group>"; };
		9D6A843E1641D83B00E322C3 /* ObjectBehaviourModel.h */ = {isa = PBXFileReference; fileEncoding = 4; lastKnownFileType = sourcecode.c.h; name = ObjectBehaviourModel.h; path = Sources/Engine/Objects/ObjectBehaviourModel/ObjectBehaviourModel.h; sourceTree = "<group>"; };
		9D6A84411641DB0F00E322C3 /* RenderMatrixController.cpp */ = {isa = PBXFileReference; fileEncoding = 4; lastKnownFileType = sourcecode.cpp.cpp; name = RenderMatrixController.cpp; path = Sources/Engine/Objects/MatrixControllers/RenderMatrixController.cpp; sourceTree = "<group>"; };
		9D6A84421641DB0F00E322C3 /* RenderMatrixController.h */ = {isa = PBXFileReference; fileEncoding = 4; lastKnownFileType = sourcecode.c.h; name = RenderMatrixController.h; path = Sources/Engine/Objects/MatrixControllers/RenderMatrixController.h; sourceTree = "<group>"; };
		9D83B958162E225700B216AD /* TEEngine.cpp */ = {isa = PBXFileReference; fileEncoding = 4; lastKnownFileType = sourcecode.cpp.cpp; name = TEEngine.cpp; path = Sources/Engine/TEEngine.cpp; sourceTree = "<group>"; };
		9D83B959162E225700B216AD /* TEEngine.h */ = {isa = PBXFileReference; fileEncoding = 4; lastKnownFileType = sourcecode.c.h; name = TEEngine.h; path = Sources/Engine/TEEngine.h; sourceTree = "<group>"; };
		9D9042E0162D9F1A003BB5FF /* TerminalExtraction.app */ = {isa = PBXFileReference; explicitFileType = wrapper.application; includeInIndex = 0; path = TerminalExtraction.app; sourceTree = BUILT_PRODUCTS_DIR; };
		9D9042E4162D9F1A003BB5FF /* UIKit.framework */ = {isa = PBXFileReference; lastKnownFileType = wrapper.framework; name = UIKit.framework; path = System/Library/Frameworks/UIKit.framework; sourceTree = SDKROOT; };
		9D9042E6162D9F1A003BB5FF /* Foundation.framework */ = {isa = PBXFileReference; lastKnownFileType = wrapper.framework; name = Foundation.framework; path = System/Library/Frameworks/Foundation.framework; sourceTree = SDKROOT; };
		9D9042E8162D9F1A003BB5FF /* CoreGraphics.framework */ = {isa = PBXFileReference; lastKnownFileType = wrapper.framework; name = CoreGraphics.framework; path = System/Library/Frameworks/CoreGraphics.framework; sourceTree = SDKROOT; };
		9D9042EC162D9F1A003BB5FF /* TerminalExtraction-Info.plist */ = {isa = PBXFileReference; lastKnownFileType = text.plist.xml; path = "TerminalExtraction-Info.plist"; sourceTree = "<group>"; };
		9D9042EE162D9F1A003BB5FF /* en */ = {isa = PBXFileReference; lastKnownFileType = text.plist.strings; name = en; path = en.lproj/InfoPlist.strings; sourceTree = "<group>"; };
		9D9042F2162D9F1A003BB5FF /* TerminalExtraction-Prefix.pch */ = {isa = PBXFileReference; lastKnownFileType = sourcecode.c.h; path = "TerminalExtraction-Prefix.pch"; sourceTree = "<group>"; };
		9D9042F3162D9F1A003BB5FF /* AppDelegate.h */ = {isa = PBXFileReference; lastKnownFileType = sourcecode.c.h; path = AppDelegate.h; sourceTree = "<group>"; };
		9D9042F4162D9F1A003BB5FF /* AppDelegate.mm */ = {isa = PBXFileReference; lastKnownFileType = sourcecode.cpp.objcpp; path = AppDelegate.mm; sourceTree = "<group>"; };
		9D9042F6162D9F1A003BB5FF /* Default.png */ = {isa = PBXFileReference; lastKnownFileType = image.png; path = Default.png; sourceTree = "<group>"; };
		9D9042F8162D9F1A003BB5FF /* Default@2x.png */ = {isa = PBXFileReference; lastKnownFileType = image.png; path = "Default@2x.png"; sourceTree = "<group>"; };
		9D9042FA162D9F1A003BB5FF /* Default-568h@2x.png */ = {isa = PBXFileReference; lastKnownFileType = image.png; path = "Default-568h@2x.png"; sourceTree = "<group>"; };
		9D904312162DA7ED003BB5FF /* OpenGLES.framework */ = {isa = PBXFileReference; lastKnownFileType = wrapper.framework; name = OpenGLES.framework; path = System/Library/Frameworks/OpenGLES.framework; sourceTree = SDKROOT; };
		9D904316162DB254003BB5FF /* UContainer.cpp */ = {isa = PBXFileReference; fileEncoding = 4; lastKnownFileType = sourcecode.cpp.cpp; name = UContainer.cpp; path = Sources/Utils/UContainer.cpp; sourceTree = "<group>"; };
		9D904317162DB254003BB5FF /* UContainer.h */ = {isa = PBXFileReference; fileEncoding = 4; lastKnownFileType = sourcecode.c.h; name = UContainer.h; path = Sources/Utils/UContainer.h; sourceTree = "<group>"; };
		9D904319162DB867003BB5FF /* Utils.h */ = {isa = PBXFileReference; fileEncoding = 4; lastKnownFileType = sourcecode.c.h; name = Utils.h; path = Sources/Utils/Utils.h; sourceTree = "<group>"; };
		9DCE1539162F28A1002EBD95 /* GLKMath.h */ = {isa = PBXFileReference; fileEncoding = 4; lastKnownFileType = sourcecode.c.h; path = GLKMath.h; sourceTree = "<group>"; };
		9DCE153A162F28A1002EBD95 /* GLKMathTypes.h */ = {isa = PBXFileReference; fileEncoding = 4; lastKnownFileType = sourcecode.c.h; path = GLKMathTypes.h; sourceTree = "<group>"; };
		9DCE153B162F28A1002EBD95 /* GLKMathUtils.h */ = {isa = PBXFileReference; fileEncoding = 4; lastKnownFileType = sourcecode.c.h; path = GLKMathUtils.h; sourceTree = "<group>"; };
		9DCE153C162F28A1002EBD95 /* GLKMatrix3.h */ = {isa = PBXFileReference; fileEncoding = 4; lastKnownFileType = sourcecode.c.h; path = GLKMatrix3.h; sourceTree = "<group>"; };
		9DCE153D162F28A1002EBD95 /* GLKMatrix4.h */ = {isa = PBXFileReference; fileEncoding = 4; lastKnownFileType = sourcecode.c.h; path = GLKMatrix4.h; sourceTree = "<group>"; };
		9DCE153E162F28A1002EBD95 /* GLKMatrixStack.h */ = {isa = PBXFileReference; fileEncoding = 4; lastKnownFileType = sourcecode.c.h; path = GLKMatrixStack.h; sourceTree = "<group>"; };
		9DCE153F162F28A1002EBD95 /* GLKQuaternion.h */ = {isa = PBXFileReference; fileEncoding = 4; lastKnownFileType = sourcecode.c.h; path = GLKQuaternion.h; sourceTree = "<group>"; };
		9DCE1540162F28A1002EBD95 /* GLKVector2.h */ = {isa = PBXFileReference; fileEncoding = 4; lastKnownFileType = sourcecode.c.h; path = GLKVector2.h; sourceTree = "<group>"; };
		9DCE1541162F28A1002EBD95 /* GLKVector3.h */ = {isa = PBXFileReference; fileEncoding = 4; lastKnownFileType = sourcecode.c.h; path = GLKVector3.h; sourceTree = "<group>"; };
		9DCE1542162F28A1002EBD95 /* GLKVector4.h */ = {isa = PBXFileReference; fileEncoding = 4; lastKnownFileType = sourcecode.c.h; path = GLKVector4.h; sourceTree = "<group>"; };
		9DCE1543162F291A002EBD95 /* Matrix.h */ = {isa = PBXFileReference; lastKnownFileType = sourcecode.c.h; path = Matrix.h; sourceTree = "<group>"; };
		9DCE1544162F291A002EBD95 /* MyMath.h */ = {isa = PBXFileReference; lastKnownFileType = sourcecode.c.h; path = MyMath.h; sourceTree = "<group>"; };
		9DD218A716403E3800E2CFA2 /* Camera.cpp */ = {isa = PBXFileReference; fileEncoding = 4; lastKnownFileType = sourcecode.cpp.cpp; name = Camera.cpp; path = Sources/Engine/Camera.cpp; sourceTree = "<group>"; };
		9DD218A816403E3800E2CFA2 /* Camera.h */ = {isa = PBXFileReference; fileEncoding = 4; lastKnownFileType = sourcecode.c.h; name = Camera.h; path = Sources/Engine/Camera.h; sourceTree = "<group>"; };
		9DD218AA164044C500E2CFA2 /* Geometry.h */ = {isa = PBXFileReference; lastKnownFileType = sourcecode.c.h; path = Geometry.h; sourceTree = "<group>"; };
		9DD218B616417F3300E2CFA2 /* PivotObject.cpp */ = {isa = PBXFileReference; fileEncoding = 4; lastKnownFileType = sourcecode.cpp.cpp; name = PivotObject.cpp; path = Sources/Engine/Objects/PivotObject.cpp; sourceTree = "<group>"; };
		9DD218B716417F3300E2CFA2 /* PivotObject.h */ = {isa = PBXFileReference; fileEncoding = 4; lastKnownFileType = sourcecode.c.h; name = PivotObject.h; path = Sources/Engine/Objects/PivotObject.h; sourceTree = "<group>"; };
		9DD218B91641801B00E2CFA2 /* TranslateableObject.h */ = {isa = PBXFileReference; lastKnownFileType = sourcecode.c.h; name = TranslateableObject.h; path = Sources/Engine/Objects/TranslateableObject.h; sourceTree = "<group>"; };
		9DE33AB7162F4CC30027565E /* RenderSystem.cpp */ = {isa = PBXFileReference; fileEncoding = 4; lastKnownFileType = sourcecode.cpp.cpp; name = RenderSystem.cpp; path = Sources/Renderer/RenderSystem.cpp; sourceTree = "<group>"; };
		9DE33AB8162F4CC30027565E /* RenderSystem.h */ = {isa = PBXFileReference; fileEncoding = 4; lastKnownFileType = sourcecode.c.h; name = RenderSystem.h; path = Sources/Renderer/RenderSystem.h; sourceTree = "<group>"; };
		9DE33ABC162F51830027565E /* Display.cpp */ = {isa = PBXFileReference; fileEncoding = 4; lastKnownFileType = sourcecode.cpp.cpp; name = Display.cpp; path = Sources/Renderer/Display/Display.cpp; sourceTree = "<group>"; };
		9DE33ABD162F51830027565E /* Display.h */ = {isa = PBXFileReference; fileEncoding = 4; lastKnownFileType = sourcecode.c.h; name = Display.h; path = Sources/Renderer/Display/Display.h; sourceTree = "<group>"; };
		9DE33ABF162F55340027565E /* ios_display.mm */ = {isa = PBXFileReference; fileEncoding = 4; lastKnownFileType = sourcecode.cpp.objcpp; name = ios_display.mm; path = os/ios/ios_display.mm; sourceTree = "<group>"; };
		9DE33AC0162F55350027565E /* ios_display.h */ = {isa = PBXFileReference; fileEncoding = 4; lastKnownFileType = sourcecode.c.h; name = ios_display.h; path = os/ios/ios_display.h; sourceTree = "<group>"; };
		9DE33AC2162F5A7D0027565E /* ViewController.h */ = {isa = PBXFileReference; fileEncoding = 4; lastKnownFileType = sourcecode.c.h; name = ViewController.h; path = os/ios/ViewController.h; sourceTree = "<group>"; };
		9DE33AC3162F5A7D0027565E /* ViewController.m */ = {isa = PBXFileReference; fileEncoding = 4; lastKnownFileType = sourcecode.c.objc; name = ViewController.m; path = os/ios/ViewController.m; sourceTree = "<group>"; };
		9DE33AC5162F5AD40027565E /* GLSurface.h */ = {isa = PBXFileReference; fileEncoding = 4; lastKnownFileType = sourcecode.c.h; name = GLSurface.h; path = os/ios/GLSurface.h; sourceTree = "<group>"; };
		9DE33AC6162F5AD40027565E /* GLSurface.m */ = {isa = PBXFileReference; fileEncoding = 4; lastKnownFileType = sourcecode.c.objc; name = GLSurface.m; path = os/ios/GLSurface.m; sourceTree = "<group>"; };
		9DE33AC8162F5B5A0027565E /* QuartzCore.framework */ = {isa = PBXFileReference; lastKnownFileType = wrapper.framework; name = QuartzCore.framework; path = System/Library/Frameworks/QuartzCore.framework; sourceTree = SDKROOT; };
		9DE6A9FA16458EE700AF9280 /* UnAnimRenderObject.cpp */ = {isa = PBXFileReference; fileEncoding = 4; lastKnownFileType = sourcecode.cpp.cpp; name = UnAnimRenderObject.cpp; path = Sources/Engine/Objects/UnAnimRenderObject.cpp; sourceTree = "<group>"; };
		9DE6A9FB16458EE700AF9280 /* UnAnimRenderObject.h */ = {isa = PBXFileReference; fileEncoding = 4; lastKnownFileType = sourcecode.c.h; name = UnAnimRenderObject.h; path = Sources/Engine/Objects/UnAnimRenderObject.h; sourceTree = "<group>"; };
/* End PBXFileReference section */

/* Begin PBXFrameworksBuildPhase section */
		9D9042DD162D9F19003BB5FF /* Frameworks */ = {
			isa = PBXFrameworksBuildPhase;
			buildActionMask = 2147483647;
			files = (
				9DE33AC9162F5B5A0027565E /* QuartzCore.framework in Frameworks */,
				9D904313162DA7ED003BB5FF /* OpenGLES.framework in Frameworks */,
				9D9042E5162D9F1A003BB5FF /* UIKit.framework in Frameworks */,
				9D9042E7162D9F1A003BB5FF /* Foundation.framework in Frameworks */,
				9D9042E9162D9F1A003BB5FF /* CoreGraphics.framework in Frameworks */,
			);
			runOnlyForDeploymentPostprocessing = 0;
		};
/* End PBXFrameworksBuildPhase section */

/* Begin PBXGroup section */
		9D60B5481642D68D0074081D /* Materials */ = {
			isa = PBXGroup;
			children = (
				9D60B5491642D6A20074081D /* Material.cpp */,
				9D60B54A1642D6A20074081D /* Material.h */,
				9D60B57D16453DC10074081D /* TextureMaterial.cpp */,
				9D60B57E16453DC10074081D /* TextureMaterial.h */,
			);
			name = Materials;
			sourceTree = "<group>";
		};
		9D60B575164536320074081D /* Content */ = {
			isa = PBXGroup;
			children = (
				9D60B576164536400074081D /* Meshes */,
				9D60B58316453FB20074081D /* Texture.cpp */,
				9D60B58416453FB20074081D /* Texture.h */,
			);
			name = Content;
			sourceTree = "<group>";
		};
		9D60B576164536400074081D /* Meshes */ = {
			isa = PBXGroup;
			children = (
				9D60B5771645367A0074081D /* EngineMesh.cpp */,
				9D60B5781645367A0074081D /* EngineMesh.h */,
			);
			name = Meshes;
			sourceTree = "<group>";
		};
		9D60B5861645405E0074081D /* Shaders */ = {
			isa = PBXGroup;
			children = (
				9D60B587164540750074081D /* Shader.cpp */,
				9D60B588164540750074081D /* Shader.h */,
			);
			name = Shaders;
			sourceTree = "<group>";
		};
		9D6A843C1641D80300E322C3 /* ObjectBehaviourModel */ = {
			isa = PBXGroup;
			children = (
				9D6A843D1641D83B00E322C3 /* ObjectBehaviourModel.cpp */,
				9D6A843E1641D83B00E322C3 /* ObjectBehaviourModel.h */,
				9D60B571164536050074081D /* StaticObjectBehaviorModel.cpp */,
				9D60B572164536050074081D /* StaticObjectBehaviorModel.h */,
			);
			name = ObjectBehaviourModel;
			sourceTree = "<group>";
		};
		9D6A84401641DAD200E322C3 /* MatrixControllers */ = {
			isa = PBXGroup;
			children = (
				9D6A84411641DB0F00E322C3 /* RenderMatrixController.cpp */,
				9D6A84421641DB0F00E322C3 /* RenderMatrixController.h */,
			);
			name = MatrixControllers;
			sourceTree = "<group>";
		};
		9D83B954162E214C00B216AD /* Engine */ = {
			isa = PBXGroup;
			children = (
				9D60B575164536320074081D /* Content */,
				9D60B5481642D68D0074081D /* Materials */,
				9DD218B516417EDD00E2CFA2 /* Objects */,
				9D83B956162E215A00B216AD /* Renderer */,
				9D83B959162E225700B216AD /* TEEngine.h */,
				9D83B958162E225700B216AD /* TEEngine.cpp */,
				9DD218A816403E3800E2CFA2 /* Camera.h */,
				9DD218A716403E3800E2CFA2 /* Camera.cpp */,
			);
			name = Engine;
			sourceTree = "<group>";
		};
		9D83B956162E215A00B216AD /* Renderer */ = {
			isa = PBXGroup;
			children = (
				9D60B5861645405E0074081D /* Shaders */,
				9DE33AB8162F4CC30027565E /* RenderSystem.h */,
				9DE33AB7162F4CC30027565E /* RenderSystem.cpp */,
			);
			name = Renderer;
			sourceTree = "<group>";
		};
		9D83B957162E216500B216AD /* Game */ = {
			isa = PBXGroup;
			children = (
			);
			name = Game;
			sourceTree = "<group>";
		};
		9D83B95B162E240D00B216AD /* Sys */ = {
			isa = PBXGroup;
			children = (
				9DE33ABD162F51830027565E /* Display.h */,
				9DE33ABC162F51830027565E /* Display.cpp */,
				9D60B5901645473B0074081D /* FileManger.cpp */,
				9D60B5911645473B0074081D /* FileManger.h */,
				9D83B95C162E241C00B216AD /* ios */,
			);
			name = Sys;
			sourceTree = "<group>";
		};
		9D83B95C162E241C00B216AD /* ios */ = {
			isa = PBXGroup;
			children = (
				9D9042F3162D9F1A003BB5FF /* AppDelegate.h */,
				9D9042F4162D9F1A003BB5FF /* AppDelegate.mm */,
				9DE33AC0162F55350027565E /* ios_display.h */,
				9DE33ABF162F55340027565E /* ios_display.mm */,
				9D60B5931645488B0074081D /* ios_fileManager.mm */,
				9D60B5941645488B0074081D /* ios_fileManager.h */,
				9DE33AC2162F5A7D0027565E /* ViewController.h */,
				9DE33AC3162F5A7D0027565E /* ViewController.m */,
				9DE33AC5162F5AD40027565E /* GLSurface.h */,
				9DE33AC6162F5AD40027565E /* GLSurface.m */,
			);
			name = ios;
			sourceTree = "<group>";
		};
		9D9042D5162D9F19003BB5FF = {
			isa = PBXGroup;
			children = (
				9D9042EA162D9F1A003BB5FF /* TerminalExtraction */,
				9D9042E3162D9F1A003BB5FF /* Frameworks */,
				9D9042E1162D9F1A003BB5FF /* Products */,
			);
			sourceTree = "<group>";
		};
		9D9042E1162D9F1A003BB5FF /* Products */ = {
			isa = PBXGroup;
			children = (
				9D9042E0162D9F1A003BB5FF /* TerminalExtraction.app */,
			);
			name = Products;
			sourceTree = "<group>";
		};
		9D9042E3162D9F1A003BB5FF /* Frameworks */ = {
			isa = PBXGroup;
			children = (
				9DE33AC8162F5B5A0027565E /* QuartzCore.framework */,
				9D904312162DA7ED003BB5FF /* OpenGLES.framework */,
				9D9042E4162D9F1A003BB5FF /* UIKit.framework */,
				9D9042E6162D9F1A003BB5FF /* Foundation.framework */,
				9D9042E8162D9F1A003BB5FF /* CoreGraphics.framework */,
			);
			name = Frameworks;
			sourceTree = "<group>";
		};
		9D9042EA162D9F1A003BB5FF /* TerminalExtraction */ = {
			isa = PBXGroup;
			children = (
				9D83B95B162E240D00B216AD /* Sys */,
				9D83B957162E216500B216AD /* Game */,
				9D83B954162E214C00B216AD /* Engine */,
				9D904315162DB1E1003BB5FF /* Utils */,
				9D9042EB162D9F1A003BB5FF /* Supporting Files */,
			);
			path = TerminalExtraction;
			sourceTree = "<group>";
		};
		9D9042EB162D9F1A003BB5FF /* Supporting Files */ = {
			isa = PBXGroup;
			children = (
				9D9042EC162D9F1A003BB5FF /* TerminalExtraction-Info.plist */,
				9D9042ED162D9F1A003BB5FF /* InfoPlist.strings */,
				9D9042F2162D9F1A003BB5FF /* TerminalExtraction-Prefix.pch */,
				9D9042F6162D9F1A003BB5FF /* Default.png */,
				9D9042F8162D9F1A003BB5FF /* Default@2x.png */,
				9D9042FA162D9F1A003BB5FF /* Default-568h@2x.png */,
			);
			name = "Supporting Files";
			sourceTree = "<group>";
		};
		9D904315162DB1E1003BB5FF /* Utils */ = {
			isa = PBXGroup;
			children = (
				9DCE1537162F284D002EBD95 /* MathKit */,
				9D904319162DB867003BB5FF /* Utils.h */,
				9D904317162DB254003BB5FF /* UContainer.h */,
				9D904316162DB254003BB5FF /* UContainer.cpp */,
				9D2C461E1632140F000EC193 /* GlobalConstants.h */,
				9D6A84391641D46A00E322C3 /* IdGenerator.cpp */,
				9D6A843A1641D46A00E322C3 /* IdGenerator.h */,
			);
			name = Utils;
			sourceTree = "<group>";
		};
		9DCE1537162F284D002EBD95 /* MathKit */ = {
			isa = PBXGroup;
			children = (
				9DCE1543162F291A002EBD95 /* Matrix.h */,
				9DCE1544162F291A002EBD95 /* MyMath.h */,
				9DCE1539162F28A1002EBD95 /* GLKMath.h */,
				9DCE153A162F28A1002EBD95 /* GLKMathTypes.h */,
				9DCE153B162F28A1002EBD95 /* GLKMathUtils.h */,
				9DCE153C162F28A1002EBD95 /* GLKMatrix3.h */,
				9DCE153D162F28A1002EBD95 /* GLKMatrix4.h */,
				9DCE153E162F28A1002EBD95 /* GLKMatrixStack.h */,
				9DCE153F162F28A1002EBD95 /* GLKQuaternion.h */,
				9DCE1540162F28A1002EBD95 /* GLKVector2.h */,
				9DCE1541162F28A1002EBD95 /* GLKVector3.h */,
				9DCE1542162F28A1002EBD95 /* GLKVector4.h */,
				9DD218AA164044C500E2CFA2 /* Geometry.h */,
			);
			name = MathKit;
			path = Sources/Utils/MathKit;
			sourceTree = "<group>";
		};
		9DD218B516417EDD00E2CFA2 /* Objects */ = {
			isa = PBXGroup;
			children = (
				9D6A84401641DAD200E322C3 /* MatrixControllers */,
				9D6A843C1641D80300E322C3 /* ObjectBehaviourModel */,
				9DD218B716417F3300E2CFA2 /* PivotObject.h */,
				9DD218B616417F3300E2CFA2 /* PivotObject.cpp */,
				9D60B56E1645346B0074081D /* LevelObject.cpp */,
				9D60B56F1645346C0074081D /* LevelObject.h */,
				9DD218B91641801B00E2CFA2 /* TranslateableObject.h */,
				9D6A84361641D1C300E322C3 /* EditorData.h */,
				9D6A84351641D1C300E322C3 /* EditorData.cpp */,
				9D60B5451642D1FD0074081D /* RenderObject.cpp */,
				9D60B5461642D1FD0074081D /* RenderObject.h */,
				9DE6A9FA16458EE700AF9280 /* UnAnimRenderObject.cpp */,
				9DE6A9FB16458EE700AF9280 /* UnAnimRenderObject.h */,
			);
			name = Objects;
			sourceTree = "<group>";
		};
/* End PBXGroup section */

/* Begin PBXNativeTarget section */
		9D9042DF162D9F19003BB5FF /* TerminalExtraction */ = {
			isa = PBXNativeTarget;
			buildConfigurationList = 9D9042FE162D9F1A003BB5FF /* Build configuration list for PBXNativeTarget "TerminalExtraction" */;
			buildPhases = (
				9D9042DC162D9F19003BB5FF /* Sources */,
				9D9042DD162D9F19003BB5FF /* Frameworks */,
				9D9042DE162D9F19003BB5FF /* Resources */,
			);
			buildRules = (
			);
			dependencies = (
			);
			name = TerminalExtraction;
			productName = TerminalExtraction;
			productReference = 9D9042E0162D9F1A003BB5FF /* TerminalExtraction.app */;
			productType = "com.apple.product-type.application";
		};
/* End PBXNativeTarget section */

/* Begin PBXProject section */
		9D9042D7162D9F19003BB5FF /* Project object */ = {
			isa = PBXProject;
			attributes = {
				LastUpgradeCheck = 0450;
			};
			buildConfigurationList = 9D9042DA162D9F19003BB5FF /* Build configuration list for PBXProject "TerminalExtraction" */;
			compatibilityVersion = "Xcode 3.2";
			developmentRegion = English;
			hasScannedForEncodings = 0;
			knownRegions = (
				en,
			);
			mainGroup = 9D9042D5162D9F19003BB5FF;
			productRefGroup = 9D9042E1162D9F1A003BB5FF /* Products */;
			projectDirPath = "";
			projectRoot = "";
			targets = (
				9D9042DF162D9F19003BB5FF /* TerminalExtraction */,
			);
		};
/* End PBXProject section */

/* Begin PBXResourcesBuildPhase section */
		9D9042DE162D9F19003BB5FF /* Resources */ = {
			isa = PBXResourcesBuildPhase;
			buildActionMask = 2147483647;
			files = (
				9D9042EF162D9F1A003BB5FF /* InfoPlist.strings in Resources */,
				9D9042F7162D9F1A003BB5FF /* Default.png in Resources */,
				9D9042F9162D9F1A003BB5FF /* Default@2x.png in Resources */,
				9D9042FB162D9F1A003BB5FF /* Default-568h@2x.png in Resources */,
			);
			runOnlyForDeploymentPostprocessing = 0;
		};
/* End PBXResourcesBuildPhase section */

/* Begin PBXSourcesBuildPhase section */
		9D9042DC162D9F19003BB5FF /* Sources */ = {
			isa = PBXSourcesBuildPhase;
			buildActionMask = 2147483647;
			files = (
				9D9042F5162D9F1A003BB5FF /* AppDelegate.mm in Sources */,
				9D904318162DB254003BB5FF /* UContainer.cpp in Sources */,
				9D83B95A162E225700B216AD /* TEEngine.cpp in Sources */,
				9DE33AB9162F4CC30027565E /* RenderSystem.cpp in Sources */,
				9DE33ABE162F51830027565E /* Display.cpp in Sources */,
				9DE33AC1162F55350027565E /* ios_display.mm in Sources */,
				9DE33AC4162F5A7E0027565E /* ViewController.m in Sources */,
				9DE33AC7162F5AD40027565E /* GLSurface.m in Sources */,
				9DD218A916403E3800E2CFA2 /* Camera.cpp in Sources */,
				9DD218B816417F3300E2CFA2 /* PivotObject.cpp in Sources */,
				9D6A84371641D1C300E322C3 /* EditorData.cpp in Sources */,
				9D6A843B1641D46A00E322C3 /* IdGenerator.cpp in Sources */,
				9D6A843F1641D83B00E322C3 /* ObjectBehaviourModel.cpp in Sources */,
				9D6A84431641DB0F00E322C3 /* RenderMatrixController.cpp in Sources */,
				9D60B5471642D1FD0074081D /* RenderObject.cpp in Sources */,
				9D60B54B1642D6A20074081D /* Material.cpp in Sources */,
				9D60B5701645346E0074081D /* LevelObject.cpp in Sources */,
				9D60B573164536050074081D /* StaticObjectBehaviorModel.cpp in Sources */,
				9D60B5791645367A0074081D /* EngineMesh.cpp in Sources */,
				9D60B57F16453DC10074081D /* TextureMaterial.cpp in Sources */,
				9D60B58516453FB20074081D /* Texture.cpp in Sources */,
				9D60B589164540750074081D /* Shader.cpp in Sources */,
				9D60B5921645473B0074081D /* FileManger.cpp in Sources */,
				9D60B5951645488C0074081D /* ios_fileManager.mm in Sources */,
				9DE6A9FC16458EE700AF9280 /* UnAnimRenderObject.cpp in Sources */,
			);
			runOnlyForDeploymentPostprocessing = 0;
		};
/* End PBXSourcesBuildPhase section */

/* Begin PBXVariantGroup section */
		9D9042ED162D9F1A003BB5FF /* InfoPlist.strings */ = {
			isa = PBXVariantGroup;
			children = (
				9D9042EE162D9F1A003BB5FF /* en */,
			);
			name = InfoPlist.strings;
			sourceTree = "<group>";
		};
/* End PBXVariantGroup section */

/* Begin XCBuildConfiguration section */
		9D9042FC162D9F1A003BB5FF /* Debug */ = {
			isa = XCBuildConfiguration;
			buildSettings = {
				ALWAYS_SEARCH_USER_PATHS = NO;
				CLANG_CXX_LANGUAGE_STANDARD = "gnu++0x";
				CLANG_CXX_LIBRARY = "libc++";
				CLANG_ENABLE_OBJC_ARC = YES;
				CLANG_WARN_EMPTY_BODY = YES;
				CLANG_WARN__DUPLICATE_METHOD_MATCH = YES;
				CODE_SIGN_IDENTITY = "iPhone Developer";
				COPY_PHASE_STRIP = NO;
				GCC_C_LANGUAGE_STANDARD = gnu99;
				GCC_DYNAMIC_NO_PIC = NO;
				GCC_OPTIMIZATION_LEVEL = 0;
				GCC_PREPROCESSOR_DEFINITIONS = (
					"DEBUG=1",
					"$(inherited)",
				);
				GCC_SYMBOLS_PRIVATE_EXTERN = NO;
				GCC_WARN_ABOUT_RETURN_TYPE = YES;
				GCC_WARN_UNINITIALIZED_AUTOS = YES;
				GCC_WARN_UNUSED_VARIABLE = YES;
				IPHONEOS_DEPLOYMENT_TARGET = 6.0;
				PROVISIONING_PROFILE = "";
				SDKROOT = iphoneos;
				TARGETED_DEVICE_FAMILY = "1,2";
			};
			name = Debug;
		};
		9D9042FD162D9F1A003BB5FF /* Release */ = {
			isa = XCBuildConfiguration;
			buildSettings = {
				ALWAYS_SEARCH_USER_PATHS = NO;
				CLANG_CXX_LANGUAGE_STANDARD = "gnu++0x";
				CLANG_CXX_LIBRARY = "libc++";
				CLANG_ENABLE_OBJC_ARC = YES;
				CLANG_WARN_EMPTY_BODY = YES;
				CLANG_WARN__DUPLICATE_METHOD_MATCH = YES;
				CODE_SIGN_IDENTITY = "iPhone Developer";
				COPY_PHASE_STRIP = YES;
				GCC_C_LANGUAGE_STANDARD = gnu99;
				GCC_WARN_ABOUT_RETURN_TYPE = YES;
				GCC_WARN_UNINITIALIZED_AUTOS = YES;
				GCC_WARN_UNUSED_VARIABLE = YES;
				IPHONEOS_DEPLOYMENT_TARGET = 6.0;
				OTHER_CFLAGS = "-DNS_BLOCK_ASSERTIONS=1";
				PROVISIONING_PROFILE = "";
				SDKROOT = iphoneos;
				TARGETED_DEVICE_FAMILY = "1,2";
				VALIDATE_PRODUCT = YES;
			};
			name = Release;
		};
		9D9042FF162D9F1A003BB5FF /* Debug */ = {
			isa = XCBuildConfiguration;
			buildSettings = {
				CLANG_ENABLE_OBJC_ARC = NO;
				CODE_SIGN_IDENTITY = "iPhone Developer";
				GCC_PRECOMPILE_PREFIX_HEADER = YES;
				GCC_PREFIX_HEADER = "TerminalExtraction/TerminalExtraction-Prefix.pch";
				INFOPLIST_FILE = "TerminalExtraction/TerminalExtraction-Info.plist";
				PRODUCT_NAME = "$(TARGET_NAME)";
				PROVISIONING_PROFILE = "";
				WRAPPER_EXTENSION = app;
			};
			name = Debug;
		};
		9D904300162D9F1A003BB5FF /* Release */ = {
			isa = XCBuildConfiguration;
			buildSettings = {
				CLANG_ENABLE_OBJC_ARC = NO;
				CODE_SIGN_IDENTITY = "iPhone Developer";
				GCC_PRECOMPILE_PREFIX_HEADER = YES;
				GCC_PREFIX_HEADER = "TerminalExtraction/TerminalExtraction-Prefix.pch";
				INFOPLIST_FILE = "TerminalExtraction/TerminalExtraction-Info.plist";
				PRODUCT_NAME = "$(TARGET_NAME)";
				PROVISIONING_PROFILE = "";
				WRAPPER_EXTENSION = app;
			};
			name = Release;
		};
/* End XCBuildConfiguration section */

/* Begin XCConfigurationList section */
		9D9042DA162D9F19003BB5FF /* Build configuration list for PBXProject "TerminalExtraction" */ = {
			isa = XCConfigurationList;
			buildConfigurations = (
				9D9042FC162D9F1A003BB5FF /* Debug */,
				9D9042FD162D9F1A003BB5FF /* Release */,
			);
			defaultConfigurationIsVisible = 0;
			defaultConfigurationName = Release;
		};
		9D9042FE162D9F1A003BB5FF /* Build configuration list for PBXNativeTarget "TerminalExtraction" */ = {
			isa = XCConfigurationList;
			buildConfigurations = (
				9D9042FF162D9F1A003BB5FF /* Debug */,
				9D904300162D9F1A003BB5FF /* Release */,
			);
			defaultConfigurationIsVisible = 0;
			defaultConfigurationName = Release;
		};
/* End XCConfigurationList section */
	};
	rootObject = 9D9042D7162D9F19003BB5FF /* Project object */;
}
